
Microsoft Visual Studio Solution File, Format Version 12.00
# Visual Studio Version 16
VisualStudioVersion = 16.0.30002.166
MinimumVisualStudioVersion = 10.0.40219.1
Project("{FAE04EC0-301F-11D3-BF4B-00C04F79EFBC}") = "AppStyles.Android", "AppStyles\AppStyles.Android\AppStyles.Android.csproj", "{1BF6CECE-B0BB-41DD-9A12-F3F6EBFE3AA4}"
EndProject
Project("{FAE04EC0-301F-11D3-BF4B-00C04F79EFBC}") = "AppStyles", "AppStyles\AppStyles\AppStyles.csproj", "{8B484701-878E-4BE9-AC23-AAFE2558B49A}"
EndProject
Global
	GlobalSection(SolutionConfigurationPlatforms) = preSolution
		Debug|Any CPU = Debug|Any CPU
		Release|Any CPU = Release|Any CPU
	EndGlobalSection
	GlobalSection(ProjectConfigurationPlatforms) = postSolution
		{1BF6CECE-B0BB-41DD-9A12-F3F6EBFE3AA4}.Debug|Any CPU.ActiveCfg = Debug|Any CPU
		{1BF6CECE-B0BB-41DD-9A12-F3F6EBFE3AA4}.Debug|Any CPU.Build.0 = Debug|Any CPU
		{1BF6CECE-B0BB-41DD-9A12-F3F6EBFE3AA4}.Debug|Any CPU.Deploy.0 = Debug|Any CPU
		{1BF6CECE-B0BB-41DD-9A12-F3F6EBFE3AA4}.Release|Any CPU.ActiveCfg = Release|Any CPU
		{1BF6CECE-B0BB-41DD-9A12-F3F6EBFE3AA4}.Release|Any CPU.Build.0 = Release|Any CPU
		{1BF6CECE-B0BB-41DD-9A12-F3F6EBFE3AA4}.Release|Any CPU.Deploy.0 = Release|Any CPU
		{8B484701-878E-4BE9-AC23-AAFE2558B49A}.Debug|Any CPU.ActiveCfg = Debug|Any CPU
		{8B484701-878E-4BE9-AC23-AAFE2558B49A}.Debug|Any CPU.Build.0 = Debug|Any CPU
		{8B484701-878E-4BE9-AC23-AAFE2558B49A}.Debug|Any CPU.Deploy.0 = Debug|Any CPU
		{8B484701-878E-4BE9-AC23-AAFE2558B49A}.Release|Any CPU.ActiveCfg = Release|Any CPU
		{8B484701-878E-4BE9-AC23-AAFE2558B49A}.Release|Any CPU.Build.0 = Release|Any CPU
		{8B484701-878E-4BE9-AC23-AAFE2558B49A}.Release|Any CPU.Deploy.0 = Release|Any CPU
	EndGlobalSection
	GlobalSection(SolutionProperties) = preSolution
		HideSolutionNode = FALSE
	EndGlobalSection
	GlobalSection(ExtensibilityGlobals) = postSolution
		SolutionGuid = {C6B85C33-BB87-41D6-9E45-7D94EA3BF52A}
	EndGlobalSection
EndGlobal
